// !$*UTF8*$!
{
	archiveVersion = 1;
	classes = {
	};
	objectVersion = 56;
	objects = {

/* Begin PBXBuildFile section */
		165EEE42291A726100B5E4F2 /* AppDelegate.swift in Sources */ = {isa = PBXBuildFile; fileRef = 165EEE41291A726100B5E4F2 /* AppDelegate.swift */; };
		165EEE44291A726100B5E4F2 /* SceneDelegate.swift in Sources */ = {isa = PBXBuildFile; fileRef = 165EEE43291A726100B5E4F2 /* SceneDelegate.swift */; };
		165EEE46291A726100B5E4F2 /* ViewController.swift in Sources */ = {isa = PBXBuildFile; fileRef = 165EEE45291A726100B5E4F2 /* ViewController.swift */; };
		165EEE49291A726100B5E4F2 /* Main.storyboard in Resources */ = {isa = PBXBuildFile; fileRef = 165EEE47291A726100B5E4F2 /* Main.storyboard */; };
		165EEE4B291A726200B5E4F2 /* Assets.xcassets in Resources */ = {isa = PBXBuildFile; fileRef = 165EEE4A291A726200B5E4F2 /* Assets.xcassets */; };
		165EEE4E291A726200B5E4F2 /* LaunchScreen.storyboard in Resources */ = {isa = PBXBuildFile; fileRef = 165EEE4C291A726200B5E4F2 /* LaunchScreen.storyboard */; };
		165EEE57291A759B00B5E4F2 /* FSCalendar in Frameworks */ = {isa = PBXBuildFile; productRef = 165EEE56291A759B00B5E4F2 /* FSCalendar */; };
		165EEE59291A75BC00B5E4F2 /* CalendarViewController.swift in Sources */ = {isa = PBXBuildFile; fileRef = 165EEE58291A75BC00B5E4F2 /* CalendarViewController.swift */; };
		165EEE5E291A793800B5E4F2 /* CalendarDetailViewController.swift in Sources */ = {isa = PBXBuildFile; fileRef = 165EEE5D291A793800B5E4F2 /* CalendarDetailViewController.swift */; };
		3625F13029333D74004EBC25 /* APICaller.swift in Sources */ = {isa = PBXBuildFile; fileRef = 3625F12F29333D74004EBC25 /* APICaller.swift */; };
		3625F13229333D94004EBC25 /* AuthManager.swift in Sources */ = {isa = PBXBuildFile; fileRef = 3625F13129333D94004EBC25 /* AuthManager.swift */; };
		3625F13429333DB5004EBC25 /* AutoResponse.swift in Sources */ = {isa = PBXBuildFile; fileRef = 3625F13329333DB5004EBC25 /* AutoResponse.swift */; };
		3625F13629333DCD004EBC25 /* FoodModel.swift in Sources */ = {isa = PBXBuildFile; fileRef = 3625F13529333DCD004EBC25 /* FoodModel.swift */; };
		3634DCDE29239E6000070744 /* ColumnTableViewCell.swift in Sources */ = {isa = PBXBuildFile; fileRef = 3634DCDC29239E6000070744 /* ColumnTableViewCell.swift */; };
		3634DCDF29239E6000070744 /* ColumnTableViewCell.xib in Resources */ = {isa = PBXBuildFile; fileRef = 3634DCDD29239E6000070744 /* ColumnTableViewCell.xib */; };
		3634DCE129239EBA00070744 /* ColumnController.swift in Sources */ = {isa = PBXBuildFile; fileRef = 3634DCE029239EBA00070744 /* ColumnController.swift */; };
		3667544D29475CE900876BDC /* EncycManager.swift in Sources */ = {isa = PBXBuildFile; fileRef = 3667544C29475CE900876BDC /* EncycManager.swift */; };
		3667545029475DA500876BDC /* Constants.swift in Sources */ = {isa = PBXBuildFile; fileRef = 3667544F29475DA500876BDC /* Constants.swift */; };
		366754522947655000876BDC /* Encyc.swift in Sources */ = {isa = PBXBuildFile; fileRef = 366754512947655000876BDC /* Encyc.swift */; };
		3689D8872923A5DE0086CAFE /* AlarmTableViewCell.swift in Sources */ = {isa = PBXBuildFile; fileRef = 3689D8852923A5DE0086CAFE /* AlarmTableViewCell.swift */; };
		3689D8882923A5DE0086CAFE /* AlarmTableViewCell.xib in Resources */ = {isa = PBXBuildFile; fileRef = 3689D8862923A5DE0086CAFE /* AlarmTableViewCell.xib */; };
		3689D88A2923A8070086CAFE /* AlaramViewController.swift in Sources */ = {isa = PBXBuildFile; fileRef = 3689D8892923A8070086CAFE /* AlaramViewController.swift */; };
		3689D88C2923AC020086CAFE /* PickerViewController.swift in Sources */ = {isa = PBXBuildFile; fileRef = 3689D88B2923AC020086CAFE /* PickerViewController.swift */; };
/* End PBXBuildFile section */

/* Begin PBXFileReference section */
		165EEE3E291A726100B5E4F2 /* HealthHack.app */ = {isa = PBXFileReference; explicitFileType = wrapper.application; includeInIndex = 0; path = HealthHack.app; sourceTree = BUILT_PRODUCTS_DIR; };
		165EEE41291A726100B5E4F2 /* AppDelegate.swift */ = {isa = PBXFileReference; lastKnownFileType = sourcecode.swift; path = AppDelegate.swift; sourceTree = "<group>"; };
		165EEE43291A726100B5E4F2 /* SceneDelegate.swift */ = {isa = PBXFileReference; lastKnownFileType = sourcecode.swift; path = SceneDelegate.swift; sourceTree = "<group>"; };
		165EEE45291A726100B5E4F2 /* ViewController.swift */ = {isa = PBXFileReference; lastKnownFileType = sourcecode.swift; path = ViewController.swift; sourceTree = "<group>"; };
		165EEE48291A726100B5E4F2 /* Base */ = {isa = PBXFileReference; lastKnownFileType = file.storyboard; name = Base; path = Base.lproj/Main.storyboard; sourceTree = "<group>"; };
		165EEE4A291A726200B5E4F2 /* Assets.xcassets */ = {isa = PBXFileReference; lastKnownFileType = folder.assetcatalog; path = Assets.xcassets; sourceTree = "<group>"; };
		165EEE4D291A726200B5E4F2 /* Base */ = {isa = PBXFileReference; lastKnownFileType = file.storyboard; name = Base; path = Base.lproj/LaunchScreen.storyboard; sourceTree = "<group>"; };
		165EEE4F291A726200B5E4F2 /* Info.plist */ = {isa = PBXFileReference; lastKnownFileType = text.plist.xml; path = Info.plist; sourceTree = "<group>"; };
		165EEE58291A75BC00B5E4F2 /* CalendarViewController.swift */ = {isa = PBXFileReference; lastKnownFileType = sourcecode.swift; path = CalendarViewController.swift; sourceTree = "<group>"; };
		165EEE5D291A793800B5E4F2 /* CalendarDetailViewController.swift */ = {isa = PBXFileReference; lastKnownFileType = sourcecode.swift; path = CalendarDetailViewController.swift; sourceTree = "<group>"; };
		3625F12F29333D74004EBC25 /* APICaller.swift */ = {isa = PBXFileReference; lastKnownFileType = sourcecode.swift; path = APICaller.swift; sourceTree = "<group>"; };
		3625F13129333D94004EBC25 /* AuthManager.swift */ = {isa = PBXFileReference; lastKnownFileType = sourcecode.swift; path = AuthManager.swift; sourceTree = "<group>"; };
		3625F13329333DB5004EBC25 /* AutoResponse.swift */ = {isa = PBXFileReference; lastKnownFileType = sourcecode.swift; path = AutoResponse.swift; sourceTree = "<group>"; };
		3625F13529333DCD004EBC25 /* FoodModel.swift */ = {isa = PBXFileReference; lastKnownFileType = sourcecode.swift; path = FoodModel.swift; sourceTree = "<group>"; };
		3634DCDC29239E6000070744 /* ColumnTableViewCell.swift */ = {isa = PBXFileReference; fileEncoding = 4; lastKnownFileType = sourcecode.swift; path = ColumnTableViewCell.swift; sourceTree = "<group>"; };
		3634DCDD29239E6000070744 /* ColumnTableViewCell.xib */ = {isa = PBXFileReference; fileEncoding = 4; lastKnownFileType = file.xib; path = ColumnTableViewCell.xib; sourceTree = "<group>"; };
		3634DCE029239EBA00070744 /* ColumnController.swift */ = {isa = PBXFileReference; fileEncoding = 4; lastKnownFileType = sourcecode.swift; path = ColumnController.swift; sourceTree = "<group>"; };
		3667544C29475CE900876BDC /* EncycManager.swift */ = {isa = PBXFileReference; lastKnownFileType = sourcecode.swift; path = EncycManager.swift; sourceTree = "<group>"; };
		3667544F29475DA500876BDC /* Constants.swift */ = {isa = PBXFileReference; lastKnownFileType = sourcecode.swift; path = Constants.swift; sourceTree = "<group>"; };
		366754512947655000876BDC /* Encyc.swift */ = {isa = PBXFileReference; lastKnownFileType = sourcecode.swift; path = Encyc.swift; sourceTree = "<group>"; };
		3689D8852923A5DE0086CAFE /* AlarmTableViewCell.swift */ = {isa = PBXFileReference; lastKnownFileType = sourcecode.swift; path = AlarmTableViewCell.swift; sourceTree = "<group>"; };
		3689D8862923A5DE0086CAFE /* AlarmTableViewCell.xib */ = {isa = PBXFileReference; lastKnownFileType = file.xib; path = AlarmTableViewCell.xib; sourceTree = "<group>"; };
		3689D8892923A8070086CAFE /* AlaramViewController.swift */ = {isa = PBXFileReference; lastKnownFileType = sourcecode.swift; path = AlaramViewController.swift; sourceTree = "<group>"; };
		3689D88B2923AC020086CAFE /* PickerViewController.swift */ = {isa = PBXFileReference; lastKnownFileType = sourcecode.swift; path = PickerViewController.swift; sourceTree = "<group>"; };
/* End PBXFileReference section */

/* Begin PBXFrameworksBuildPhase section */
		165EEE3B291A726100B5E4F2 /* Frameworks */ = {
			isa = PBXFrameworksBuildPhase;
			buildActionMask = 2147483647;
			files = (
				165EEE57291A759B00B5E4F2 /* FSCalendar in Frameworks */,
			);
			runOnlyForDeploymentPostprocessing = 0;
		};
/* End PBXFrameworksBuildPhase section */

/* Begin PBXGroup section */
		165EEE35291A726100B5E4F2 = {
			isa = PBXGroup;
			children = (
				165EEE41291A726100B5E4F2 /* AppDelegate.swift */,
				165EEE43291A726100B5E4F2 /* SceneDelegate.swift */,
				165EEE40291A726100B5E4F2 /* HealthHack */,
				165EEE3F291A726100B5E4F2 /* Products */,
			);
			sourceTree = "<group>";
		};
		165EEE3F291A726100B5E4F2 /* Products */ = {
			isa = PBXGroup;
			children = (
				165EEE3E291A726100B5E4F2 /* HealthHack.app */,
			);
			name = Products;
			sourceTree = "<group>";
		};
		165EEE40291A726100B5E4F2 /* HealthHack */ = {
			isa = PBXGroup;
			children = (
				3667544E29475D5800876BDC /* Utils */,
				3625F12E29333D69004EBC25 /* Models */,
				165EEE5B291A75C900B5E4F2 /* Views */,
				165EEE5C291A75CD00B5E4F2 /* Controllers */,
				165EEE4A291A726200B5E4F2 /* Assets.xcassets */,
				165EEE4C291A726200B5E4F2 /* LaunchScreen.storyboard */,
				165EEE4F291A726200B5E4F2 /* Info.plist */,
			);
			path = HealthHack;
			sourceTree = "<group>";
		};
		165EEE5B291A75C900B5E4F2 /* Views */ = {
			isa = PBXGroup;
			children = (
				3634DCDC29239E6000070744 /* ColumnTableViewCell.swift */,
				3634DCDD29239E6000070744 /* ColumnTableViewCell.xib */,
				165EEE47291A726100B5E4F2 /* Main.storyboard */,
				3689D8852923A5DE0086CAFE /* AlarmTableViewCell.swift */,
				3689D8862923A5DE0086CAFE /* AlarmTableViewCell.xib */,
			);
			path = Views;
			sourceTree = "<group>";
		};
		165EEE5C291A75CD00B5E4F2 /* Controllers */ = {
			isa = PBXGroup;
			children = (
				3634DCE029239EBA00070744 /* ColumnController.swift */,
				165EEE45291A726100B5E4F2 /* ViewController.swift */,
				165EEE58291A75BC00B5E4F2 /* CalendarViewController.swift */,
				165EEE5D291A793800B5E4F2 /* CalendarDetailViewController.swift */,
				3689D8892923A8070086CAFE /* AlaramViewController.swift */,
				3689D88B2923AC020086CAFE /* PickerViewController.swift */,
			);
			path = Controllers;
			sourceTree = "<group>";
		};
		3625F12E29333D69004EBC25 /* Models */ = {
			isa = PBXGroup;
			children = (
				3625F12F29333D74004EBC25 /* APICaller.swift */,
				3625F13129333D94004EBC25 /* AuthManager.swift */,
				3625F13329333DB5004EBC25 /* AutoResponse.swift */,
				3625F13529333DCD004EBC25 /* FoodModel.swift */,
				3667544C29475CE900876BDC /* EncycManager.swift */,
				366754512947655000876BDC /* Encyc.swift */,
			);
			path = Models;
			sourceTree = "<group>";
		};
		3667544E29475D5800876BDC /* Utils */ = {
			isa = PBXGroup;
			children = (
				3667544F29475DA500876BDC /* Constants.swift */,
			);
			path = Utils;
			sourceTree = "<group>";
		};
/* End PBXGroup section */

/* Begin PBXNativeTarget section */
		165EEE3D291A726100B5E4F2 /* HealthHack */ = {
			isa = PBXNativeTarget;
			buildConfigurationList = 165EEE52291A726200B5E4F2 /* Build configuration list for PBXNativeTarget "HealthHack" */;
			buildPhases = (
				165EEE3A291A726100B5E4F2 /* Sources */,
				165EEE3B291A726100B5E4F2 /* Frameworks */,
				165EEE3C291A726100B5E4F2 /* Resources */,
			);
			buildRules = (
			);
			dependencies = (
			);
			name = HealthHack;
			packageProductDependencies = (
				165EEE56291A759B00B5E4F2 /* FSCalendar */,
			);
			productName = HealthHack;
			productReference = 165EEE3E291A726100B5E4F2 /* HealthHack.app */;
			productType = "com.apple.product-type.application";
		};
/* End PBXNativeTarget section */

/* Begin PBXProject section */
		165EEE36291A726100B5E4F2 /* Project object */ = {
			isa = PBXProject;
			attributes = {
				BuildIndependentTargetsInParallel = 1;
				LastSwiftUpdateCheck = 1400;
				LastUpgradeCheck = 1400;
				TargetAttributes = {
					165EEE3D291A726100B5E4F2 = {
						CreatedOnToolsVersion = 14.0;
					};
				};
			};
			buildConfigurationList = 165EEE39291A726100B5E4F2 /* Build configuration list for PBXProject "HealthHack" */;
			compatibilityVersion = "Xcode 14.0";
			developmentRegion = en;
			hasScannedForEncodings = 0;
			knownRegions = (
				en,
				Base,
			);
			mainGroup = 165EEE35291A726100B5E4F2;
			packageReferences = (
				165EEE55291A759B00B5E4F2 /* XCRemoteSwiftPackageReference "FSCalendar" */,
			);
			productRefGroup = 165EEE3F291A726100B5E4F2 /* Products */;
			projectDirPath = "";
			projectRoot = "";
			targets = (
				165EEE3D291A726100B5E4F2 /* HealthHack */,
			);
		};
/* End PBXProject section */

/* Begin PBXResourcesBuildPhase section */
		165EEE3C291A726100B5E4F2 /* Resources */ = {
			isa = PBXResourcesBuildPhase;
			buildActionMask = 2147483647;
			files = (
				3689D8882923A5DE0086CAFE /* AlarmTableViewCell.xib in Resources */,
				165EEE4E291A726200B5E4F2 /* LaunchScreen.storyboard in Resources */,
				3634DCDF29239E6000070744 /* ColumnTableViewCell.xib in Resources */,
				165EEE4B291A726200B5E4F2 /* Assets.xcassets in Resources */,
				165EEE49291A726100B5E4F2 /* Main.storyboard in Resources */,
			);
			runOnlyForDeploymentPostprocessing = 0;
		};
/* End PBXResourcesBuildPhase section */

/* Begin PBXSourcesBuildPhase section */
		165EEE3A291A726100B5E4F2 /* Sources */ = {
			isa = PBXSourcesBuildPhase;
			buildActionMask = 2147483647;
			files = (
				366754522947655000876BDC /* Encyc.swift in Sources */,
				3689D88C2923AC020086CAFE /* PickerViewController.swift in Sources */,
				3625F13229333D94004EBC25 /* AuthManager.swift in Sources */,
				165EEE5E291A793800B5E4F2 /* CalendarDetailViewController.swift in Sources */,
				3689D88A2923A8070086CAFE /* AlaramViewController.swift in Sources */,
				3634DCE129239EBA00070744 /* ColumnController.swift in Sources */,
				3667544D29475CE900876BDC /* EncycManager.swift in Sources */,
				3634DCDE29239E6000070744 /* ColumnTableViewCell.swift in Sources */,
				3667545029475DA500876BDC /* Constants.swift in Sources */,
				3625F13429333DB5004EBC25 /* AutoResponse.swift in Sources */,
				3689D8872923A5DE0086CAFE /* AlarmTableViewCell.swift in Sources */,
				165EEE59291A75BC00B5E4F2 /* CalendarViewController.swift in Sources */,
				165EEE46291A726100B5E4F2 /* ViewController.swift in Sources */,
				3625F13029333D74004EBC25 /* APICaller.swift in Sources */,
				165EEE42291A726100B5E4F2 /* AppDelegate.swift in Sources */,
				165EEE44291A726100B5E4F2 /* SceneDelegate.swift in Sources */,
				3625F13629333DCD004EBC25 /* FoodModel.swift in Sources */,
			);
			runOnlyForDeploymentPostprocessing = 0;
		};
/* End PBXSourcesBuildPhase section */

/* Begin PBXVariantGroup section */
		165EEE47291A726100B5E4F2 /* Main.storyboard */ = {
			isa = PBXVariantGroup;
			children = (
				165EEE48291A726100B5E4F2 /* Base */,
			);
			name = Main.storyboard;
			sourceTree = "<group>";
		};
		165EEE4C291A726200B5E4F2 /* LaunchScreen.storyboard */ = {
			isa = PBXVariantGroup;
			children = (
				165EEE4D291A726200B5E4F2 /* Base */,
			);
			name = LaunchScreen.storyboard;
			sourceTree = "<group>";
		};
/* End PBXVariantGroup section */

/* Begin XCBuildConfiguration section */
		165EEE50291A726200B5E4F2 /* Debug */ = {
			isa = XCBuildConfiguration;
			buildSettings = {
				ALWAYS_SEARCH_USER_PATHS = NO;
				CLANG_ANALYZER_NONNULL = YES;
				CLANG_ANALYZER_NUMBER_OBJECT_CONVERSION = YES_AGGRESSIVE;
				CLANG_CXX_LANGUAGE_STANDARD = "gnu++20";
				CLANG_ENABLE_MODULES = YES;
				CLANG_ENABLE_OBJC_ARC = YES;
				CLANG_ENABLE_OBJC_WEAK = YES;
				CLANG_WARN_BLOCK_CAPTURE_AUTORELEASING = YES;
				CLANG_WARN_BOOL_CONVERSION = YES;
				CLANG_WARN_COMMA = YES;
				CLANG_WARN_CONSTANT_CONVERSION = YES;
				CLANG_WARN_DEPRECATED_OBJC_IMPLEMENTATIONS = YES;
				CLANG_WARN_DIRECT_OBJC_ISA_USAGE = YES_ERROR;
				CLANG_WARN_DOCUMENTATION_COMMENTS = YES;
				CLANG_WARN_EMPTY_BODY = YES;
				CLANG_WARN_ENUM_CONVERSION = YES;
				CLANG_WARN_INFINITE_RECURSION = YES;
				CLANG_WARN_INT_CONVERSION = YES;
				CLANG_WARN_NON_LITERAL_NULL_CONVERSION = YES;
				CLANG_WARN_OBJC_IMPLICIT_RETAIN_SELF = YES;
				CLANG_WARN_OBJC_LITERAL_CONVERSION = YES;
				CLANG_WARN_OBJC_ROOT_CLASS = YES_ERROR;
				CLANG_WARN_QUOTED_INCLUDE_IN_FRAMEWORK_HEADER = YES;
				CLANG_WARN_RANGE_LOOP_ANALYSIS = YES;
				CLANG_WARN_STRICT_PROTOTYPES = YES;
				CLANG_WARN_SUSPICIOUS_MOVE = YES;
				CLANG_WARN_UNGUARDED_AVAILABILITY = YES_AGGRESSIVE;
				CLANG_WARN_UNREACHABLE_CODE = YES;
				CLANG_WARN__DUPLICATE_METHOD_MATCH = YES;
				COPY_PHASE_STRIP = NO;
				DEBUG_INFORMATION_FORMAT = dwarf;
				ENABLE_STRICT_OBJC_MSGSEND = YES;
				ENABLE_TESTABILITY = YES;
				GCC_C_LANGUAGE_STANDARD = gnu11;
				GCC_DYNAMIC_NO_PIC = NO;
				GCC_NO_COMMON_BLOCKS = YES;
				GCC_OPTIMIZATION_LEVEL = 0;
				GCC_PREPROCESSOR_DEFINITIONS = (
					"DEBUG=1",
					"$(inherited)",
				);
				GCC_WARN_64_TO_32_BIT_CONVERSION = YES;
				GCC_WARN_ABOUT_RETURN_TYPE = YES_ERROR;
				GCC_WARN_UNDECLARED_SELECTOR = YES;
				GCC_WARN_UNINITIALIZED_AUTOS = YES_AGGRESSIVE;
				GCC_WARN_UNUSED_FUNCTION = YES;
				GCC_WARN_UNUSED_VARIABLE = YES;
				IPHONEOS_DEPLOYMENT_TARGET = 16.0;
				MTL_ENABLE_DEBUG_INFO = INCLUDE_SOURCE;
				MTL_FAST_MATH = YES;
				ONLY_ACTIVE_ARCH = YES;
				SDKROOT = iphoneos;
				SWIFT_ACTIVE_COMPILATION_CONDITIONS = DEBUG;
				SWIFT_OPTIMIZATION_LEVEL = "-Onone";
			};
			name = Debug;
		};
		165EEE51291A726200B5E4F2 /* Release */ = {
			isa = XCBuildConfiguration;
			buildSettings = {
				ALWAYS_SEARCH_USER_PATHS = NO;
				CLANG_ANALYZER_NONNULL = YES;
				CLANG_ANALYZER_NUMBER_OBJECT_CONVERSION = YES_AGGRESSIVE;
				CLANG_CXX_LANGUAGE_STANDARD = "gnu++20";
				CLANG_ENABLE_MODULES = YES;
				CLANG_ENABLE_OBJC_ARC = YES;
				CLANG_ENABLE_OBJC_WEAK = YES;
				CLANG_WARN_BLOCK_CAPTURE_AUTORELEASING = YES;
				CLANG_WARN_BOOL_CONVERSION = YES;
				CLANG_WARN_COMMA = YES;
				CLANG_WARN_CONSTANT_CONVERSION = YES;
				CLANG_WARN_DEPRECATED_OBJC_IMPLEMENTATIONS = YES;
				CLANG_WARN_DIRECT_OBJC_ISA_USAGE = YES_ERROR;
				CLANG_WARN_DOCUMENTATION_COMMENTS = YES;
				CLANG_WARN_EMPTY_BODY = YES;
				CLANG_WARN_ENUM_CONVERSION = YES;
				CLANG_WARN_INFINITE_RECURSION = YES;
				CLANG_WARN_INT_CONVERSION = YES;
				CLANG_WARN_NON_LITERAL_NULL_CONVERSION = YES;
				CLANG_WARN_OBJC_IMPLICIT_RETAIN_SELF = YES;
				CLANG_WARN_OBJC_LITERAL_CONVERSION = YES;
				CLANG_WARN_OBJC_ROOT_CLASS = YES_ERROR;
				CLANG_WARN_QUOTED_INCLUDE_IN_FRAMEWORK_HEADER = YES;
				CLANG_WARN_RANGE_LOOP_ANALYSIS = YES;
				CLANG_WARN_STRICT_PROTOTYPES = YES;
				CLANG_WARN_SUSPICIOUS_MOVE = YES;
				CLANG_WARN_UNGUARDED_AVAILABILITY = YES_AGGRESSIVE;
				CLANG_WARN_UNREACHABLE_CODE = YES;
				CLANG_WARN__DUPLICATE_METHOD_MATCH = YES;
				COPY_PHASE_STRIP = NO;
				DEBUG_INFORMATION_FORMAT = "dwarf-with-dsym";
				ENABLE_NS_ASSERTIONS = NO;
				ENABLE_STRICT_OBJC_MSGSEND = YES;
				GCC_C_LANGUAGE_STANDARD = gnu11;
				GCC_NO_COMMON_BLOCKS = YES;
				GCC_WARN_64_TO_32_BIT_CONVERSION = YES;
				GCC_WARN_ABOUT_RETURN_TYPE = YES_ERROR;
				GCC_WARN_UNDECLARED_SELECTOR = YES;
				GCC_WARN_UNINITIALIZED_AUTOS = YES_AGGRESSIVE;
				GCC_WARN_UNUSED_FUNCTION = YES;
				GCC_WARN_UNUSED_VARIABLE = YES;
				IPHONEOS_DEPLOYMENT_TARGET = 16.0;
				MTL_ENABLE_DEBUG_INFO = NO;
				MTL_FAST_MATH = YES;
				SDKROOT = iphoneos;
				SWIFT_COMPILATION_MODE = wholemodule;
				SWIFT_OPTIMIZATION_LEVEL = "-O";
				VALIDATE_PRODUCT = YES;
			};
			name = Release;
		};
		165EEE53291A726200B5E4F2 /* Debug */ = {
			isa = XCBuildConfiguration;
			buildSettings = {
				ASSETCATALOG_COMPILER_APPICON_NAME = AppIcon;
				ASSETCATALOG_COMPILER_GLOBAL_ACCENT_COLOR_NAME = AccentColor;
				CODE_SIGN_STYLE = Automatic;
				CURRENT_PROJECT_VERSION = 1;
				DEVELOPMENT_TEAM = 69AX92X75M;
				GENERATE_INFOPLIST_FILE = YES;
				INFOPLIST_FILE = HealthHack/Info.plist;
				INFOPLIST_KEY_UIApplicationSupportsIndirectInputEvents = YES;
				INFOPLIST_KEY_UILaunchStoryboardName = LaunchScreen;
				INFOPLIST_KEY_UIMainStoryboardFile = Main;
				INFOPLIST_KEY_UISupportedInterfaceOrientations_iPad = "UIInterfaceOrientationPortrait UIInterfaceOrientationPortraitUpsideDown UIInterfaceOrientationLandscapeLeft UIInterfaceOrientationLandscapeRight";
				INFOPLIST_KEY_UISupportedInterfaceOrientations_iPhone = "UIInterfaceOrientationPortrait UIInterfaceOrientationLandscapeLeft UIInterfaceOrientationLandscapeRight";
				LD_RUNPATH_SEARCH_PATHS = (
					"$(inherited)",
					"@executable_path/Frameworks",
				);
				MARKETING_VERSION = 1.0;
				PRODUCT_BUNDLE_IDENTIFIER = com.study.HealthHack;
				PRODUCT_NAME = "$(TARGET_NAME)";
				SWIFT_EMIT_LOC_STRINGS = YES;
				SWIFT_VERSION = 5.0;
				TARGETED_DEVICE_FAMILY = "1,2";
			};
			name = Debug;
		};
		165EEE54291A726200B5E4F2 /* Release */ = {
			isa = XCBuildConfiguration;
			buildSettings = {
				ASSETCATALOG_COMPILER_APPICON_NAME = AppIcon;
				ASSETCATALOG_COMPILER_GLOBAL_ACCENT_COLOR_NAME = AccentColor;
				CODE_SIGN_STYLE = Automatic;
				CURRENT_PROJECT_VERSION = 1;
				DEVELOPMENT_TEAM = 69AX92X75M;
				GENERATE_INFOPLIST_FILE = YES;
				INFOPLIST_FILE = HealthHack/Info.plist;
				INFOPLIST_KEY_UIApplicationSupportsIndirectInputEvents = YES;
				INFOPLIST_KEY_UILaunchStoryboardName = LaunchScreen;
				INFOPLIST_KEY_UIMainStoryboardFile = Main;
				INFOPLIST_KEY_UISupportedInterfaceOrientations_iPad = "UIInterfaceOrientationPortrait UIInterfaceOrientationPortraitUpsideDown UIInterfaceOrientationLandscapeLeft UIInterfaceOrientationLandscapeRight";
				INFOPLIST_KEY_UISupportedInterfaceOrientations_iPhone = "UIInterfaceOrientationPortrait UIInterfaceOrientationLandscapeLeft UIInterfaceOrientationLandscapeRight";
				LD_RUNPATH_SEARCH_PATHS = (
					"$(inherited)",
					"@executable_path/Frameworks",
				);
				MARKETING_VERSION = 1.0;
				PRODUCT_BUNDLE_IDENTIFIER = com.study.HealthHack;
				PRODUCT_NAME = "$(TARGET_NAME)";
				SWIFT_EMIT_LOC_STRINGS = YES;
				SWIFT_VERSION = 5.0;
				TARGETED_DEVICE_FAMILY = "1,2";
			};
			name = Release;
		};
/* End XCBuildConfiguration section */

/* Begin XCConfigurationList section */
		165EEE39291A726100B5E4F2 /* Build configuration list for PBXProject "HealthHack" */ = {
			isa = XCConfigurationList;
			buildConfigurations = (
				165EEE50291A726200B5E4F2 /* Debug */,
				165EEE51291A726200B5E4F2 /* Release */,
			);
			defaultConfigurationIsVisible = 0;
			defaultConfigurationName = Release;
		};
		165EEE52291A726200B5E4F2 /* Build configuration list for PBXNativeTarget "HealthHack" */ = {
			isa = XCConfigurationList;
			buildConfigurations = (
				165EEE53291A726200B5E4F2 /* Debug */,
				165EEE54291A726200B5E4F2 /* Release */,
			);
			defaultConfigurationIsVisible = 0;
			defaultConfigurationName = Release;
		};
/* End XCConfigurationList section */

/* Begin XCRemoteSwiftPackageReference section */
		165EEE55291A759B00B5E4F2 /* XCRemoteSwiftPackageReference "FSCalendar" */ = {
			isa = XCRemoteSwiftPackageReference;
			repositoryURL = "https://github.com/WenchaoD/FSCalendar";
			requirement = {
				kind = upToNextMajorVersion;
				minimumVersion = 2.0.0;
			};
		};
/* End XCRemoteSwiftPackageReference section */

/* Begin XCSwiftPackageProductDependency section */
		165EEE56291A759B00B5E4F2 /* FSCalendar */ = {
			isa = XCSwiftPackageProductDependency;
			package = 165EEE55291A759B00B5E4F2 /* XCRemoteSwiftPackageReference "FSCalendar" */;
			productName = FSCalendar;
		};
/* End XCSwiftPackageProductDependency section */
	};
	rootObject = 165EEE36291A726100B5E4F2 /* Project object */;
}
